
Microsoft Visual Studio Solution File, Format Version 11.00
# Visual Studio 2010
Project("{8BC9CEB8-8B4A-11D0-8D11-00A0C91BC942}") = "TryInclude", "TryInclude\TryInclude.vcxproj", "{E3213250-9E26-46C8-8FC6-9E5E3F1E8BA8}"
EndProject
Global
	GlobalSection(TeamFoundationVersionControl) = preSolution
		SccNumberOfProjects = 2
		SccEnterpriseProvider = {4CA58AB2-18FA-4F8D-95D4-32DDF27D184C}
		SccTeamFoundationServer = http://localhost:8080/tfs/sandbox
		SccLocalPath0 = .
		SccProjectUniqueName1 = TryInclude\\TryInclude.vcxproj
		SccProjectName1 = TryInclude
		SccLocalPath1 = TryInclude
	EndGlobalSection
	GlobalSection(SolutionConfigurationPlatforms) = preSolution
		Debug|Win32 = Debug|Win32
		Release|Win32 = Release|Win32
	EndGlobalSection
	GlobalSection(ProjectConfigurationPlatforms) = postSolution
		{E3213250-9E26-46C8-8FC6-9E5E3F1E8BA8}.Debug|Win32.ActiveCfg = Debug|Win32
		{E3213250-9E26-46C8-8FC6-9E5E3F1E8BA8}.Debug|Win32.Build.0 = Debug|Win32
		{E3213250-9E26-46C8-8FC6-9E5E3F1E8BA8}.Release|Win32.ActiveCfg = Release|Win32
		{E3213250-9E26-46C8-8FC6-9E5E3F1E8BA8}.Release|Win32.Build.0 = Release|Win32
	EndGlobalSection
	GlobalSection(SolutionProperties) = preSolution
		HideSolutionNode = FALSE
	EndGlobalSection
EndGlobal
