
Microsoft Visual Studio Solution File, Format Version 11.00
# Visual Studio 2010
Project("{FAE04EC0-301F-11D3-BF4B-00C04F79EFBC}") = "Life", "Life\Life.csproj", "{449378D2-3BE8-4D70-9F5C-AEFB9B860D3D}"
EndProject
Global
	GlobalSection(TeamFoundationVersionControl) = preSolution
		SccNumberOfProjects = 2
		SccEnterpriseProvider = {4CA58AB2-18FA-4F8D-95D4-32DDF27D184C}
		SccTeamFoundationServer = http://localhost:8080/tfs/games
		SccLocalPath0 = .
		SccProjectUniqueName1 = Life\\Life.csproj
		SccProjectName1 = Life
		SccLocalPath1 = Life
	EndGlobalSection
	GlobalSection(SolutionConfigurationPlatforms) = preSolution
		Debug|Any CPU = Debug|Any CPU
		Release|Any CPU = Release|Any CPU
	EndGlobalSection
	GlobalSection(ProjectConfigurationPlatforms) = postSolution
		{449378D2-3BE8-4D70-9F5C-AEFB9B860D3D}.Debug|Any CPU.ActiveCfg = Debug|Any CPU
		{449378D2-3BE8-4D70-9F5C-AEFB9B860D3D}.Debug|Any CPU.Build.0 = Debug|Any CPU
		{449378D2-3BE8-4D70-9F5C-AEFB9B860D3D}.Release|Any CPU.ActiveCfg = Release|Any CPU
		{449378D2-3BE8-4D70-9F5C-AEFB9B860D3D}.Release|Any CPU.Build.0 = Release|Any CPU
	EndGlobalSection
	GlobalSection(SolutionProperties) = preSolution
		HideSolutionNode = FALSE
	EndGlobalSection
EndGlobal
